// !$*UTF8*$!
{
	archiveVersion = 1;
	classes = {
	};
	objectVersion = 46;
	objects = {

/* Begin PBXBuildFile section */
		2F67A5A01F57F57A0068D1AE /* AppDelegate.swift in Sources */ = {isa = PBXBuildFile; fileRef = 2F67A59F1F57F57A0068D1AE /* AppDelegate.swift */; };
		2F67A5A21F57F57A0068D1AE /* ViewController.swift in Sources */ = {isa = PBXBuildFile; fileRef = 2F67A5A11F57F57A0068D1AE /* ViewController.swift */; };
		2F67A5A51F57F57A0068D1AE /* Main.storyboard in Resources */ = {isa = PBXBuildFile; fileRef = 2F67A5A31F57F57A0068D1AE /* Main.storyboard */; };
		2F67A5A71F57F57A0068D1AE /* Assets.xcassets in Resources */ = {isa = PBXBuildFile; fileRef = 2F67A5A61F57F57A0068D1AE /* Assets.xcassets */; };
		2F67A5AA1F57F57A0068D1AE /* LaunchScreen.storyboard in Resources */ = {isa = PBXBuildFile; fileRef = 2F67A5A81F57F57A0068D1AE /* LaunchScreen.storyboard */; };
		2F67A5B21F57F59B0068D1AE /* PALayer.swift in Sources */ = {isa = PBXBuildFile; fileRef = 2F67A5B11F57F59B0068D1AE /* PALayer.swift */; };
		2F67A5B41F57F5B50068D1AE /* UIColor+Extensions.swift in Sources */ = {isa = PBXBuildFile; fileRef = 2F67A5B31F57F5B50068D1AE /* UIColor+Extensions.swift */; };
/* End PBXBuildFile section */

/* Begin PBXFileReference section */
		2F67A59C1F57F57A0068D1AE /* MichelinAnimation.app */ = {isa = PBXFileReference; explicitFileType = wrapper.application; includeInIndex = 0; path = MichelinAnimation.app; sourceTree = BUILT_PRODUCTS_DIR; };
		2F67A59F1F57F57A0068D1AE /* AppDelegate.swift */ = {isa = PBXFileReference; lastKnownFileType = sourcecode.swift; path = AppDelegate.swift; sourceTree = "<group>"; };
		2F67A5A11F57F57A0068D1AE /* ViewController.swift */ = {isa = PBXFileReference; lastKnownFileType = sourcecode.swift; path = ViewController.swift; sourceTree = "<group>"; };
		2F67A5A41F57F57A0068D1AE /* Base */ = {isa = PBXFileReference; lastKnownFileType = file.storyboard; name = Base; path = Base.lproj/Main.storyboard; sourceTree = "<group>"; };
		2F67A5A61F57F57A0068D1AE /* Assets.xcassets */ = {isa = PBXFileReference; lastKnownFileType = folder.assetcatalog; path = Assets.xcassets; sourceTree = "<group>"; };
		2F67A5A91F57F57A0068D1AE /* Base */ = {isa = PBXFileReference; lastKnownFileType = file.storyboard; name = Base; path = Base.lproj/LaunchScreen.storyboard; sourceTree = "<group>"; };
		2F67A5AB1F57F57A0068D1AE /* Info.plist */ = {isa = PBXFileReference; lastKnownFileType = text.plist.xml; path = Info.plist; sourceTree = "<group>"; };
		2F67A5B11F57F59B0068D1AE /* PALayer.swift */ = {isa = PBXFileReference; fileEncoding = 4; lastKnownFileType = sourcecode.swift; path = PALayer.swift; sourceTree = "<group>"; };
		2F67A5B31F57F5B50068D1AE /* UIColor+Extensions.swift */ = {isa = PBXFileReference; fileEncoding = 4; lastKnownFileType = sourcecode.swift; path = "UIColor+Extensions.swift"; sourceTree = "<group>"; };
/* End PBXFileReference section */

/* Begin PBXFrameworksBuildPhase section */
		2F67A5991F57F57A0068D1AE /* Frameworks */ = {
			isa = PBXFrameworksBuildPhase;
			buildActionMask = 2147483647;
			files = (
			);
			runOnlyForDeploymentPostprocessing = 0;
		};
/* End PBXFrameworksBuildPhase section */

/* Begin PBXGroup section */
		2F67A5931F57F57A0068D1AE = {
			isa = PBXGroup;
			children = (
				2F67A59E1F57F57A0068D1AE /* MichelinAnimation */,
				2F67A59D1F57F57A0068D1AE /* Products */,
			);
			sourceTree = "<group>";
		};
		2F67A59D1F57F57A0068D1AE /* Products */ = {
			isa = PBXGroup;
			children = (
				2F67A59C1F57F57A0068D1AE /* MichelinAnimation.app */,
			);
			name = Products;
			sourceTree = "<group>";
		};
		2F67A59E1F57F57A0068D1AE /* MichelinAnimation */ = {
			isa = PBXGroup;
			children = (
				2F67A59F1F57F57A0068D1AE /* AppDelegate.swift */,
				2F67A5B11F57F59B0068D1AE /* PALayer.swift */,
				2F67A5B31F57F5B50068D1AE /* UIColor+Extensions.swift */,
				2F67A5A11F57F57A0068D1AE /* ViewController.swift */,
				2F67A5A31F57F57A0068D1AE /* Main.storyboard */,
				2F67A5A61F57F57A0068D1AE /* Assets.xcassets */,
				2F67A5A81F57F57A0068D1AE /* LaunchScreen.storyboard */,
				2F67A5AB1F57F57A0068D1AE /* Info.plist */,
			);
			path = MichelinAnimation;
			sourceTree = "<group>";
		};
/* End PBXGroup section */

/* Begin PBXNativeTarget section */
		2F67A59B1F57F57A0068D1AE /* MichelinAnimation */ = {
			isa = PBXNativeTarget;
			buildConfigurationList = 2F67A5AE1F57F57A0068D1AE /* Build configuration list for PBXNativeTarget "MichelinAnimation" */;
			buildPhases = (
				2F67A5981F57F57A0068D1AE /* Sources */,
				2F67A5991F57F57A0068D1AE /* Frameworks */,
				2F67A59A1F57F57A0068D1AE /* Resources */,
			);
			buildRules = (
			);
			dependencies = (
			);
			name = MichelinAnimation;
			productName = MichelinAnimation;
			productReference = 2F67A59C1F57F57A0068D1AE /* MichelinAnimation.app */;
			productType = "com.apple.product-type.application";
		};
/* End PBXNativeTarget section */

/* Begin PBXProject section */
		2F67A5941F57F57A0068D1AE /* Project object */ = {
			isa = PBXProject;
			attributes = {
				LastSwiftUpdateCheck = 0830;
				LastUpgradeCheck = 0830;
				ORGANIZATIONNAME = paprika;
				TargetAttributes = {
					2F67A59B1F57F57A0068D1AE = {
						CreatedOnToolsVersion = 8.3.3;
						DevelopmentTeam = 3H89VUAKH5;
						ProvisioningStyle = Automatic;
					};
				};
			};
			buildConfigurationList = 2F67A5971F57F57A0068D1AE /* Build configuration list for PBXProject "MichelinAnimation" */;
			compatibilityVersion = "Xcode 3.2";
			developmentRegion = English;
			hasScannedForEncodings = 0;
			knownRegions = (
				en,
				Base,
			);
			mainGroup = 2F67A5931F57F57A0068D1AE;
			productRefGroup = 2F67A59D1F57F57A0068D1AE /* Products */;
			projectDirPath = "";
			projectRoot = "";
			targets = (
				2F67A59B1F57F57A0068D1AE /* MichelinAnimation */,
			);
		};
/* End PBXProject section */

/* Begin PBXResourcesBuildPhase section */
		2F67A59A1F57F57A0068D1AE /* Resources */ = {
			isa = PBXResourcesBuildPhase;
			buildActionMask = 2147483647;
			files = (
				2F67A5AA1F57F57A0068D1AE /* LaunchScreen.storyboard in Resources */,
				2F67A5A71F57F57A0068D1AE /* Assets.xcassets in Resources */,
				2F67A5A51F57F57A0068D1AE /* Main.storyboard in Resources */,
			);
			runOnlyForDeploymentPostprocessing = 0;
		};
/* End PBXResourcesBuildPhase section */

/* Begin PBXSourcesBuildPhase section */
		2F67A5981F57F57A0068D1AE /* Sources */ = {
			isa = PBXSourcesBuildPhase;
			buildActionMask = 2147483647;
			files = (
				2F67A5A21F57F57A0068D1AE /* ViewController.swift in Sources */,
				2F67A5B21F57F59B0068D1AE /* PALayer.swift in Sources */,
				2F67A5A01F57F57A0068D1AE /* AppDelegate.swift in Sources */,
				2F67A5B41F57F5B50068D1AE /* UIColor+Extensions.swift in Sources */,
			);
			runOnlyForDeploymentPostprocessing = 0;
		};
/* End PBXSourcesBuildPhase section */

/* Begin PBXVariantGroup section */
		2F67A5A31F57F57A0068D1AE /* Main.storyboard */ = {
			isa = PBXVariantGroup;
			children = (
				2F67A5A41F57F57A0068D1AE /* Base */,
			);
			name = Main.storyboard;
			sourceTree = "<group>";
		};
		2F67A5A81F57F57A0068D1AE /* LaunchScreen.storyboard */ = {
			isa = PBXVariantGroup;
			children = (
				2F67A5A91F57F57A0068D1AE /* Base */,
			);
			name = LaunchScreen.storyboard;
			sourceTree = "<group>";
		};
/* End PBXVariantGroup section */

/* Begin XCBuildConfiguration section */
		2F67A5AC1F57F57A0068D1AE /* Debug */ = {
			isa = XCBuildConfiguration;
			buildSettings = {
				ALWAYS_SEARCH_USER_PATHS = NO;
				CLANG_ANALYZER_NONNULL = YES;
				CLANG_ANALYZER_NUMBER_OBJECT_CONVERSION = YES_AGGRESSIVE;
				CLANG_CXX_LANGUAGE_STANDARD = "gnu++0x";
				CLANG_CXX_LIBRARY = "libc++";
				CLANG_ENABLE_MODULES = YES;
				CLANG_ENABLE_OBJC_ARC = YES;
				CLANG_WARN_BOOL_CONVERSION = YES;
				CLANG_WARN_CONSTANT_CONVERSION = YES;
				CLANG_WARN_DIRECT_OBJC_ISA_USAGE = YES_ERROR;
				CLANG_WARN_DOCUMENTATION_COMMENTS = YES;
				CLANG_WARN_EMPTY_BODY = YES;
				CLANG_WARN_ENUM_CONVERSION = YES;
				CLANG_WARN_INFINITE_RECURSION = YES;
				CLANG_WARN_INT_CONVERSION = YES;
				CLANG_WARN_OBJC_ROOT_CLASS = YES_ERROR;
				CLANG_WARN_SUSPICIOUS_MOVE = YES;
				CLANG_WARN_UNREACHABLE_CODE = YES;
				CLANG_WARN__DUPLICATE_METHOD_MATCH = YES;
				"CODE_SIGN_IDENTITY[sdk=iphoneos*]" = "iPhone Developer";
				COPY_PHASE_STRIP = NO;
				DEBUG_INFORMATION_FORMAT = dwarf;
				ENABLE_STRICT_OBJC_MSGSEND = YES;
				ENABLE_TESTABILITY = YES;
				GCC_C_LANGUAGE_STANDARD = gnu99;
				GCC_DYNAMIC_NO_PIC = NO;
				GCC_NO_COMMON_BLOCKS = YES;
				GCC_OPTIMIZATION_LEVEL = 0;
				GCC_PREPROCESSOR_DEFINITIONS = (
					"DEBUG=1",
					"$(inherited)",
				);
				GCC_WARN_64_TO_32_BIT_CONVERSION = YES;
				GCC_WARN_ABOUT_RETURN_TYPE = YES_ERROR;
				GCC_WARN_UNDECLARED_SELECTOR = YES;
				GCC_WARN_UNINITIALIZED_AUTOS = YES_AGGRESSIVE;
				GCC_WARN_UNUSED_FUNCTION = YES;
				GCC_WARN_UNUSED_VARIABLE = YES;
				IPHONEOS_DEPLOYMENT_TARGET = 10.3;
				MTL_ENABLE_DEBUG_INFO = YES;
				ONLY_ACTIVE_ARCH = YES;
				SDKROOT = iphoneos;
				SWIFT_ACTIVE_COMPILATION_CONDITIONS = DEBUG;
				SWIFT_OPTIMIZATION_LEVEL = "-Onone";
			};
			name = Debug;
		};
		2F67A5AD1F57F57A0068D1AE /* Release */ = {
			isa = XCBuildConfiguration;
			buildSettings = {
				ALWAYS_SEARCH_USER_PATHS = NO;
				CLANG_ANALYZER_NONNULL = YES;
				CLANG_ANALYZER_NUMBER_OBJECT_CONVERSION = YES_AGGRESSIVE;
				CLANG_CXX_LANGUAGE_STANDARD = "gnu++0x";
				CLANG_CXX_LIBRARY = "libc++";
				CLANG_ENABLE_MODULES = YES;
				CLANG_ENABLE_OBJC_ARC = YES;
				CLANG_WARN_BOOL_CONVERSION = YES;
				CLANG_WARN_CONSTANT_CONVERSION = YES;
				CLANG_WARN_DIRECT_OBJC_ISA_USAGE = YES_ERROR;
				CLANG_WARN_DOCUMENTATION_COMMENTS = YES;
				CLANG_WARN_EMPTY_BODY = YES;
				CLANG_WARN_ENUM_CONVERSION = YES;
				CLANG_WARN_INFINITE_RECURSION = YES;
				CLANG_WARN_INT_CONVERSION = YES;
				CLANG_WARN_OBJC_ROOT_CLASS = YES_ERROR;
				CLANG_WARN_SUSPICIOUS_MOVE = YES;
				CLANG_WARN_UNREACHABLE_CODE = YES;
				CLANG_WARN__DUPLICATE_METHOD_MATCH = YES;
				"CODE_SIGN_IDENTITY[sdk=iphoneos*]" = "iPhone Developer";
				COPY_PHASE_STRIP = NO;
				DEBUG_INFORMATION_FORMAT = "dwarf-with-dsym";
				ENABLE_NS_ASSERTIONS = NO;
				ENABLE_STRICT_OBJC_MSGSEND = YES;
				GCC_C_LANGUAGE_STANDARD = gnu99;
				GCC_NO_COMMON_BLOCKS = YES;
				GCC_WARN_64_TO_32_BIT_CONVERSION = YES;
				GCC_WARN_ABOUT_RETURN_TYPE = YES_ERROR;
				GCC_WARN_UNDECLARED_SELECTOR = YES;
				GCC_WARN_UNINITIALIZED_AUTOS = YES_AGGRESSIVE;
				GCC_WARN_UNUSED_FUNCTION = YES;
				GCC_WARN_UNUSED_VARIABLE = YES;
				IPHONEOS_DEPLOYMENT_TARGET = 10.3;
				MTL_ENABLE_DEBUG_INFO = NO;
				SDKROOT = iphoneos;
				SWIFT_OPTIMIZATION_LEVEL = "-Owholemodule";
				VALIDATE_PRODUCT = YES;
			};
			name = Release;
		};
		2F67A5AF1F57F57A0068D1AE /* Debug */ = {
			isa = XCBuildConfiguration;
			buildSettings = {
				ASSETCATALOG_COMPILER_APPICON_NAME = AppIcon;
				DEVELOPMENT_TEAM = 3H89VUAKH5;
				INFOPLIST_FILE = MichelinAnimation/Info.plist;
				LD_RUNPATH_SEARCH_PATHS = "$(inherited) @executable_path/Frameworks";
				PRODUCT_BUNDLE_IDENTIFIER = cn.paprika.MichelinAnimation;
				PRODUCT_NAME = "$(TARGET_NAME)";
				SWIFT_VERSION = 3.0;
			};
			name = Debug;
		};
		2F67A5B01F57F57A0068D1AE /* Release */ = {
			isa = XCBuildConfiguration;
			buildSettings = {
				ASSETCATALOG_COMPILER_APPICON_NAME = AppIcon;
				DEVELOPMENT_TEAM = 3H89VUAKH5;
				INFOPLIST_FILE = MichelinAnimation/Info.plist;
				LD_RUNPATH_SEARCH_PATHS = "$(inherited) @executable_path/Frameworks";
				PRODUCT_BUNDLE_IDENTIFIER = cn.paprika.MichelinAnimation;
				PRODUCT_NAME = "$(TARGET_NAME)";
				SWIFT_VERSION = 3.0;
			};
			name = Release;
		};
/* End XCBuildConfiguration section */

/* Begin XCConfigurationList section */
		2F67A5971F57F57A0068D1AE /* Build configuration list for PBXProject "MichelinAnimation" */ = {
			isa = XCConfigurationList;
			buildConfigurations = (
				2F67A5AC1F57F57A0068D1AE /* Debug */,
				2F67A5AD1F57F57A0068D1AE /* Release */,
			);
			defaultConfigurationIsVisible = 0;
			defaultConfigurationName = Release;
		};
		2F67A5AE1F57F57A0068D1AE /* Build configuration list for PBXNativeTarget "MichelinAnimation" */ = {
			isa = XCConfigurationList;
			buildConfigurations = (
				2F67A5AF1F57F57A0068D1AE /* Debug */,
				2F67A5B01F57F57A0068D1AE /* Release */,
			);
			defaultConfigurationIsVisible = 0;
		};
/* End XCConfigurationList section */
	};
	rootObject = 2F67A5941F57F57A0068D1AE /* Project object */;
}
